
Microsoft Visual Studio Solution File, Format Version 12.00
# Visual Studio 2013
VisualStudioVersion = 12.0.40629.0
MinimumVisualStudioVersion = 10.0.40219.1
Project("{2150E333-8FDC-42A3-9474-1A3956D46DE8}") = "Solution Items", "Solution Items", "{1DA2630F-569B-4CF7-AC32-61769CA849A6}"
	ProjectSection(SolutionItems) = preProject
		README.md = README.md
	EndProjectSection
EndProject
Project("{FAE04EC0-301F-11D3-BF4B-00C04F79EFBC}") = "AtlasSSH", "AtlasSSH\AtlasSSH.csproj", "{6BF4235B-B92F-40EA-B353-ABB2F084F5CD}"
EndProject
Project("{FAE04EC0-301F-11D3-BF4B-00C04F79EFBC}") = "AtlasSSHTest", "AtlasSSHTest\AtlasSSHTest.csproj", "{10621A13-F805-4E14-A17C-F185473E52E1}"
EndProject
Project("{FAE04EC0-301F-11D3-BF4B-00C04F79EFBC}") = "AtlasWorkFlows", "AtlasWorkFlows\AtlasWorkFlows.csproj", "{3DD1AD5F-CE3F-41D3-BF0D-470440AB943F}"
EndProject
Project("{FAE04EC0-301F-11D3-BF4B-00C04F79EFBC}") = "AtlasWorkFlowsTest", "AtlasWorkFlowsTest\AtlasWorkFlowsTest.csproj", "{A5F8C6C6-86E7-407E-9B7B-88FDF2E499C7}"
EndProject
Project("{FAE04EC0-301F-11D3-BF4B-00C04F79EFBC}") = "PSAtlasDatasetCommands", "PSAtlasDatasetCommands\PSAtlasDatasetCommands.csproj", "{FACBC793-B9DA-480D-81E4-FD2B0E260E86}"
EndProject
Global
	GlobalSection(SolutionConfigurationPlatforms) = preSolution
		Debug|Any CPU = Debug|Any CPU
		Release|Any CPU = Release|Any CPU
	EndGlobalSection
	GlobalSection(ProjectConfigurationPlatforms) = postSolution
		{6BF4235B-B92F-40EA-B353-ABB2F084F5CD}.Debug|Any CPU.ActiveCfg = Debug|Any CPU
		{6BF4235B-B92F-40EA-B353-ABB2F084F5CD}.Debug|Any CPU.Build.0 = Debug|Any CPU
		{6BF4235B-B92F-40EA-B353-ABB2F084F5CD}.Release|Any CPU.ActiveCfg = Release|Any CPU
		{6BF4235B-B92F-40EA-B353-ABB2F084F5CD}.Release|Any CPU.Build.0 = Release|Any CPU
		{10621A13-F805-4E14-A17C-F185473E52E1}.Debug|Any CPU.ActiveCfg = Debug|Any CPU
		{10621A13-F805-4E14-A17C-F185473E52E1}.Debug|Any CPU.Build.0 = Debug|Any CPU
		{10621A13-F805-4E14-A17C-F185473E52E1}.Release|Any CPU.ActiveCfg = Release|Any CPU
		{10621A13-F805-4E14-A17C-F185473E52E1}.Release|Any CPU.Build.0 = Release|Any CPU
		{3DD1AD5F-CE3F-41D3-BF0D-470440AB943F}.Debug|Any CPU.ActiveCfg = Debug|Any CPU
		{3DD1AD5F-CE3F-41D3-BF0D-470440AB943F}.Debug|Any CPU.Build.0 = Debug|Any CPU
		{3DD1AD5F-CE3F-41D3-BF0D-470440AB943F}.Release|Any CPU.ActiveCfg = Release|Any CPU
		{3DD1AD5F-CE3F-41D3-BF0D-470440AB943F}.Release|Any CPU.Build.0 = Release|Any CPU
		{A5F8C6C6-86E7-407E-9B7B-88FDF2E499C7}.Debug|Any CPU.ActiveCfg = Debug|Any CPU
		{A5F8C6C6-86E7-407E-9B7B-88FDF2E499C7}.Debug|Any CPU.Build.0 = Debug|Any CPU
		{A5F8C6C6-86E7-407E-9B7B-88FDF2E499C7}.Release|Any CPU.ActiveCfg = Release|Any CPU
		{A5F8C6C6-86E7-407E-9B7B-88FDF2E499C7}.Release|Any CPU.Build.0 = Release|Any CPU
		{FACBC793-B9DA-480D-81E4-FD2B0E260E86}.Debug|Any CPU.ActiveCfg = Debug|Any CPU
		{FACBC793-B9DA-480D-81E4-FD2B0E260E86}.Debug|Any CPU.Build.0 = Debug|Any CPU
		{FACBC793-B9DA-480D-81E4-FD2B0E260E86}.Release|Any CPU.ActiveCfg = Release|Any CPU
		{FACBC793-B9DA-480D-81E4-FD2B0E260E86}.Release|Any CPU.Build.0 = Release|Any CPU
	EndGlobalSection
	GlobalSection(SolutionProperties) = preSolution
		HideSolutionNode = FALSE
	EndGlobalSection
EndGlobal
