
Microsoft Visual Studio Solution File, Format Version 12.00
# Visual Studio 15
VisualStudioVersion = 15.0.27130.2010
MinimumVisualStudioVersion = 10.0.40219.1
Project("{2150E333-8FDC-42A3-9474-1A3956D46DE8}") = "Solution Items", "Solution Items", "{1DA2630F-569B-4CF7-AC32-61769CA849A6}"
	ProjectSection(SolutionItems) = preProject
		README.md = README.md
	EndProjectSection
EndProject
Project("{FAE04EC0-301F-11D3-BF4B-00C04F79EFBC}") = "AtlasSSH", "AtlasSSH\AtlasSSH.csproj", "{6BF4235B-B92F-40EA-B353-ABB2F084F5CD}"
EndProject
Project("{FAE04EC0-301F-11D3-BF4B-00C04F79EFBC}") = "AtlasSSHTest", "AtlasSSHTest\AtlasSSHTest.csproj", "{10621A13-F805-4E14-A17C-F185473E52E1}"
EndProject
Project("{FAE04EC0-301F-11D3-BF4B-00C04F79EFBC}") = "AtlasWorkFlows", "AtlasWorkFlows\AtlasWorkFlows.csproj", "{3DD1AD5F-CE3F-41D3-BF0D-470440AB943F}"
EndProject
Project("{FAE04EC0-301F-11D3-BF4B-00C04F79EFBC}") = "AtlasWorkFlowsTest", "AtlasWorkFlowsTest\AtlasWorkFlowsTest.csproj", "{A5F8C6C6-86E7-407E-9B7B-88FDF2E499C7}"
EndProject
Project("{FAE04EC0-301F-11D3-BF4B-00C04F79EFBC}") = "PSAtlasDatasetCommands", "PSAtlasDatasetCommands\PSAtlasDatasetCommands.csproj", "{FACBC793-B9DA-480D-81E4-FD2B0E260E86}"
EndProject
Project("{2150E333-8FDC-42A3-9474-1A3956D46DE8}") = "utils", "utils", "{F0B2B1FF-75F5-4B97-959C-8DE59BB4CD35}"
EndProject
Project("{FAE04EC0-301F-11D3-BF4B-00C04F79EFBC}") = "FetchBigPandaData", "FetchBigPandaData\FetchBigPandaData.csproj", "{05BCC5A2-FD07-45AF-B068-2903ACC841C0}"
EndProject
Project("{FAE04EC0-301F-11D3-BF4B-00C04F79EFBC}") = "LongRunTest", "LongRunTest\LongRunTest.csproj", "{60AC3C5F-7755-4935-B154-71EB2CBFB70C}"
EndProject
Global
	GlobalSection(SolutionConfigurationPlatforms) = preSolution
		Debug|Any CPU = Debug|Any CPU
		Debug|x64 = Debug|x64
		Debug|x86 = Debug|x86
		Release|Any CPU = Release|Any CPU
		Release|x64 = Release|x64
		Release|x86 = Release|x86
	EndGlobalSection
	GlobalSection(ProjectConfigurationPlatforms) = postSolution
		{6BF4235B-B92F-40EA-B353-ABB2F084F5CD}.Debug|Any CPU.ActiveCfg = Debug|Any CPU
		{6BF4235B-B92F-40EA-B353-ABB2F084F5CD}.Debug|Any CPU.Build.0 = Debug|Any CPU
		{6BF4235B-B92F-40EA-B353-ABB2F084F5CD}.Debug|x64.ActiveCfg = Debug|Any CPU
		{6BF4235B-B92F-40EA-B353-ABB2F084F5CD}.Debug|x64.Build.0 = Debug|Any CPU
		{6BF4235B-B92F-40EA-B353-ABB2F084F5CD}.Debug|x86.ActiveCfg = Debug|Any CPU
		{6BF4235B-B92F-40EA-B353-ABB2F084F5CD}.Debug|x86.Build.0 = Debug|Any CPU
		{6BF4235B-B92F-40EA-B353-ABB2F084F5CD}.Release|Any CPU.ActiveCfg = Release|Any CPU
		{6BF4235B-B92F-40EA-B353-ABB2F084F5CD}.Release|Any CPU.Build.0 = Release|Any CPU
		{6BF4235B-B92F-40EA-B353-ABB2F084F5CD}.Release|x64.ActiveCfg = Release|Any CPU
		{6BF4235B-B92F-40EA-B353-ABB2F084F5CD}.Release|x64.Build.0 = Release|Any CPU
		{6BF4235B-B92F-40EA-B353-ABB2F084F5CD}.Release|x86.ActiveCfg = Release|Any CPU
		{6BF4235B-B92F-40EA-B353-ABB2F084F5CD}.Release|x86.Build.0 = Release|Any CPU
		{10621A13-F805-4E14-A17C-F185473E52E1}.Debug|Any CPU.ActiveCfg = Debug|Any CPU
		{10621A13-F805-4E14-A17C-F185473E52E1}.Debug|Any CPU.Build.0 = Debug|Any CPU
		{10621A13-F805-4E14-A17C-F185473E52E1}.Debug|x64.ActiveCfg = Debug|Any CPU
		{10621A13-F805-4E14-A17C-F185473E52E1}.Debug|x64.Build.0 = Debug|Any CPU
		{10621A13-F805-4E14-A17C-F185473E52E1}.Debug|x86.ActiveCfg = Debug|Any CPU
		{10621A13-F805-4E14-A17C-F185473E52E1}.Debug|x86.Build.0 = Debug|Any CPU
		{10621A13-F805-4E14-A17C-F185473E52E1}.Release|Any CPU.ActiveCfg = Release|Any CPU
		{10621A13-F805-4E14-A17C-F185473E52E1}.Release|Any CPU.Build.0 = Release|Any CPU
		{10621A13-F805-4E14-A17C-F185473E52E1}.Release|x64.ActiveCfg = Release|Any CPU
		{10621A13-F805-4E14-A17C-F185473E52E1}.Release|x64.Build.0 = Release|Any CPU
		{10621A13-F805-4E14-A17C-F185473E52E1}.Release|x86.ActiveCfg = Release|Any CPU
		{10621A13-F805-4E14-A17C-F185473E52E1}.Release|x86.Build.0 = Release|Any CPU
		{3DD1AD5F-CE3F-41D3-BF0D-470440AB943F}.Debug|Any CPU.ActiveCfg = Debug|Any CPU
		{3DD1AD5F-CE3F-41D3-BF0D-470440AB943F}.Debug|Any CPU.Build.0 = Debug|Any CPU
		{3DD1AD5F-CE3F-41D3-BF0D-470440AB943F}.Debug|x64.ActiveCfg = Debug|Any CPU
		{3DD1AD5F-CE3F-41D3-BF0D-470440AB943F}.Debug|x64.Build.0 = Debug|Any CPU
		{3DD1AD5F-CE3F-41D3-BF0D-470440AB943F}.Debug|x86.ActiveCfg = Debug|Any CPU
		{3DD1AD5F-CE3F-41D3-BF0D-470440AB943F}.Debug|x86.Build.0 = Debug|Any CPU
		{3DD1AD5F-CE3F-41D3-BF0D-470440AB943F}.Release|Any CPU.ActiveCfg = Release|Any CPU
		{3DD1AD5F-CE3F-41D3-BF0D-470440AB943F}.Release|Any CPU.Build.0 = Release|Any CPU
		{3DD1AD5F-CE3F-41D3-BF0D-470440AB943F}.Release|x64.ActiveCfg = Release|Any CPU
		{3DD1AD5F-CE3F-41D3-BF0D-470440AB943F}.Release|x64.Build.0 = Release|Any CPU
		{3DD1AD5F-CE3F-41D3-BF0D-470440AB943F}.Release|x86.ActiveCfg = Release|Any CPU
		{3DD1AD5F-CE3F-41D3-BF0D-470440AB943F}.Release|x86.Build.0 = Release|Any CPU
		{A5F8C6C6-86E7-407E-9B7B-88FDF2E499C7}.Debug|Any CPU.ActiveCfg = Debug|Any CPU
		{A5F8C6C6-86E7-407E-9B7B-88FDF2E499C7}.Debug|Any CPU.Build.0 = Debug|Any CPU
		{A5F8C6C6-86E7-407E-9B7B-88FDF2E499C7}.Debug|x64.ActiveCfg = Debug|Any CPU
		{A5F8C6C6-86E7-407E-9B7B-88FDF2E499C7}.Debug|x64.Build.0 = Debug|Any CPU
		{A5F8C6C6-86E7-407E-9B7B-88FDF2E499C7}.Debug|x86.ActiveCfg = Debug|Any CPU
		{A5F8C6C6-86E7-407E-9B7B-88FDF2E499C7}.Debug|x86.Build.0 = Debug|Any CPU
		{A5F8C6C6-86E7-407E-9B7B-88FDF2E499C7}.Release|Any CPU.ActiveCfg = Release|Any CPU
		{A5F8C6C6-86E7-407E-9B7B-88FDF2E499C7}.Release|Any CPU.Build.0 = Release|Any CPU
		{A5F8C6C6-86E7-407E-9B7B-88FDF2E499C7}.Release|x64.ActiveCfg = Release|Any CPU
		{A5F8C6C6-86E7-407E-9B7B-88FDF2E499C7}.Release|x64.Build.0 = Release|Any CPU
		{A5F8C6C6-86E7-407E-9B7B-88FDF2E499C7}.Release|x86.ActiveCfg = Release|Any CPU
		{A5F8C6C6-86E7-407E-9B7B-88FDF2E499C7}.Release|x86.Build.0 = Release|Any CPU
		{FACBC793-B9DA-480D-81E4-FD2B0E260E86}.Debug|Any CPU.ActiveCfg = Debug|x86
		{FACBC793-B9DA-480D-81E4-FD2B0E260E86}.Debug|x64.ActiveCfg = Debug|x64
		{FACBC793-B9DA-480D-81E4-FD2B0E260E86}.Debug|x64.Build.0 = Debug|x64
		{FACBC793-B9DA-480D-81E4-FD2B0E260E86}.Debug|x86.ActiveCfg = Debug|x86
		{FACBC793-B9DA-480D-81E4-FD2B0E260E86}.Debug|x86.Build.0 = Debug|x86
		{FACBC793-B9DA-480D-81E4-FD2B0E260E86}.Release|Any CPU.ActiveCfg = Release|x86
		{FACBC793-B9DA-480D-81E4-FD2B0E260E86}.Release|x64.ActiveCfg = Release|x64
		{FACBC793-B9DA-480D-81E4-FD2B0E260E86}.Release|x64.Build.0 = Release|x64
		{FACBC793-B9DA-480D-81E4-FD2B0E260E86}.Release|x86.ActiveCfg = Release|x64
		{FACBC793-B9DA-480D-81E4-FD2B0E260E86}.Release|x86.Build.0 = Release|x64
		{05BCC5A2-FD07-45AF-B068-2903ACC841C0}.Debug|Any CPU.ActiveCfg = Debug|Any CPU
		{05BCC5A2-FD07-45AF-B068-2903ACC841C0}.Debug|Any CPU.Build.0 = Debug|Any CPU
		{05BCC5A2-FD07-45AF-B068-2903ACC841C0}.Debug|x64.ActiveCfg = Debug|Any CPU
		{05BCC5A2-FD07-45AF-B068-2903ACC841C0}.Debug|x64.Build.0 = Debug|Any CPU
		{05BCC5A2-FD07-45AF-B068-2903ACC841C0}.Debug|x86.ActiveCfg = Debug|Any CPU
		{05BCC5A2-FD07-45AF-B068-2903ACC841C0}.Debug|x86.Build.0 = Debug|Any CPU
		{05BCC5A2-FD07-45AF-B068-2903ACC841C0}.Release|Any CPU.ActiveCfg = Release|Any CPU
		{05BCC5A2-FD07-45AF-B068-2903ACC841C0}.Release|Any CPU.Build.0 = Release|Any CPU
		{05BCC5A2-FD07-45AF-B068-2903ACC841C0}.Release|x64.ActiveCfg = Release|Any CPU
		{05BCC5A2-FD07-45AF-B068-2903ACC841C0}.Release|x64.Build.0 = Release|Any CPU
		{05BCC5A2-FD07-45AF-B068-2903ACC841C0}.Release|x86.ActiveCfg = Release|Any CPU
		{05BCC5A2-FD07-45AF-B068-2903ACC841C0}.Release|x86.Build.0 = Release|Any CPU
		{60AC3C5F-7755-4935-B154-71EB2CBFB70C}.Debug|Any CPU.ActiveCfg = Debug|Any CPU
		{60AC3C5F-7755-4935-B154-71EB2CBFB70C}.Debug|Any CPU.Build.0 = Debug|Any CPU
		{60AC3C5F-7755-4935-B154-71EB2CBFB70C}.Debug|x64.ActiveCfg = Debug|Any CPU
		{60AC3C5F-7755-4935-B154-71EB2CBFB70C}.Debug|x64.Build.0 = Debug|Any CPU
		{60AC3C5F-7755-4935-B154-71EB2CBFB70C}.Debug|x86.ActiveCfg = Debug|Any CPU
		{60AC3C5F-7755-4935-B154-71EB2CBFB70C}.Debug|x86.Build.0 = Debug|Any CPU
		{60AC3C5F-7755-4935-B154-71EB2CBFB70C}.Release|Any CPU.ActiveCfg = Release|Any CPU
		{60AC3C5F-7755-4935-B154-71EB2CBFB70C}.Release|Any CPU.Build.0 = Release|Any CPU
		{60AC3C5F-7755-4935-B154-71EB2CBFB70C}.Release|x64.ActiveCfg = Release|Any CPU
		{60AC3C5F-7755-4935-B154-71EB2CBFB70C}.Release|x64.Build.0 = Release|Any CPU
		{60AC3C5F-7755-4935-B154-71EB2CBFB70C}.Release|x86.ActiveCfg = Release|Any CPU
		{60AC3C5F-7755-4935-B154-71EB2CBFB70C}.Release|x86.Build.0 = Release|Any CPU
	EndGlobalSection
	GlobalSection(SolutionProperties) = preSolution
		HideSolutionNode = FALSE
	EndGlobalSection
	GlobalSection(NestedProjects) = preSolution
		{05BCC5A2-FD07-45AF-B068-2903ACC841C0} = {F0B2B1FF-75F5-4B97-959C-8DE59BB4CD35}
	EndGlobalSection
	GlobalSection(ExtensibilityGlobals) = postSolution
		SolutionGuid = {4E627E38-A0A7-4600-8A6A-21172ED132DD}
	EndGlobalSection
EndGlobal
